
Microsoft Visual Studio Solution File, Format Version 12.00
# Visual Studio Version 17
VisualStudioVersion = 17.10.34928.147
MinimumVisualStudioVersion = 10.0.40219.1
Project("{FAE04EC0-301F-11D3-BF4B-00C04F79EFBC}") = "WebFPRTest", "WebFPRTest\WebFPRTest.csproj", "{2D8BA9BA-AF2A-42F6-9CB1-AE0D2C7341DA}"
EndProject
Global
	GlobalSection(SolutionConfigurationPlatforms) = preSolution
		Debug|Any CPU = Debug|Any CPU
		Release|Any CPU = Release|Any CPU
	EndGlobalSection
	GlobalSection(ProjectConfigurationPlatforms) = postSolution
		{2D8BA9BA-AF2A-42F6-9CB1-AE0D2C7341DA}.Debug|Any CPU.ActiveCfg = Debug|Any CPU
		{2D8BA9BA-AF2A-42F6-9CB1-AE0D2C7341DA}.Debug|Any CPU.Build.0 = Debug|Any CPU
		{2D8BA9BA-AF2A-42F6-9CB1-AE0D2C7341DA}.Release|Any CPU.ActiveCfg = Release|Any CPU
		{2D8BA9BA-AF2A-42F6-9CB1-AE0D2C7341DA}.Release|Any CPU.Build.0 = Release|Any CPU
	EndGlobalSection
	GlobalSection(SolutionProperties) = preSolution
		HideSolutionNode = FALSE
	EndGlobalSection
	GlobalSection(ExtensibilityGlobals) = postSolution
		SolutionGuid = {47E5C739-5528-43BC-933B-0A98A5B8987F}
	EndGlobalSection
EndGlobal
